<Solution>
  <Folder Name="/Services/" />
  <Folder Name="/Services/OrderService/">
    <Project Path="Services/OrderService/OrderService.Api/OrderService.Api.csproj" />
    <Project Path="Services/OrderService/OrderService.Application/OrderService.Application.csproj" />
    <Project Path="Services/OrderService/OrderService.Domain/OrderService.Domain.csproj" />
    <Project Path="Services/OrderService/OrderService.Infrastructure/OrderService.Infrastructure.csproj" />
  </Folder>
</Solution>
