<Solution>
  <Folder Name="/Gateway/">
    <Project Path="Gateway/ApiGateway/ApiGateway.csproj" />
  </Folder>
  <Folder Name="/Services/" />
  <Folder Name="/Services/DeliveryService/">
    <Project Path="Services/DeliveryService/DeliveryService.Api/DeliveryService.Api.csproj" />
    <Project Path="Services/DeliveryService/DeliveryService.Application/DeliveryService.Application.csproj" />
    <Project Path="Services/DeliveryService/DeliveryService.Domain/DeliveryService.Domain.csproj" />
    <Project Path="Services/DeliveryService/DeliveryService.Infrastructure/DeliveryService.Infrastructure.csproj" />
  </Folder>
  <Folder Name="/Services/OrderService/">
    <Project Path="Services/OrderService/OrderService.Api/OrderService.Api.csproj" />
    <Project Path="Services/OrderService/OrderService.Application/OrderService.Application.csproj" />
    <Project Path="Services/OrderService/OrderService.Domain.Tests/OrderService.Domain.Tests.csproj" />
    <Project Path="Services/OrderService/OrderService.Domain/OrderService.Domain.csproj" />
    <Project Path="Services/OrderService/OrderService.Infrastructure/OrderService.Infrastructure.csproj" />
  </Folder>
  <Folder Name="/Shared/" />
  <Folder Name="/Shared/Contracts/">
    <Project Path="Shared/Contracts/Shared.Contracts.csproj" />
  </Folder>
</Solution>
